
Microsoft Visual Studio Solution File, Format Version 12.00
# Visual Studio Version 17
VisualStudioVersion = 17.12.35707.178 d17.12
MinimumVisualStudioVersion = 10.0.40219.1
Project("{FAE04EC0-301F-11D3-BF4B-00C04F79EFBC}") = "MultiAgentPatterns", "MultiAgentPatterns\MultiAgentPatterns.csproj", "{B3E82A17-1B00-449E-8106-E2D9D64A45CC}"
EndProject
Global
	GlobalSection(SolutionConfigurationPlatforms) = preSolution
		Debug|Any CPU = Debug|Any CPU
		Release|Any CPU = Release|Any CPU
	EndGlobalSection
	GlobalSection(ProjectConfigurationPlatforms) = postSolution
		{B3E82A17-1B00-449E-8106-E2D9D64A45CC}.Debug|Any CPU.ActiveCfg = Debug|Any CPU
		{B3E82A17-1B00-449E-8106-E2D9D64A45CC}.Debug|Any CPU.Build.0 = Debug|Any CPU
		{B3E82A17-1B00-449E-8106-E2D9D64A45CC}.Release|Any CPU.ActiveCfg = Release|Any CPU
		{B3E82A17-1B00-449E-8106-E2D9D64A45CC}.Release|Any CPU.Build.0 = Release|Any CPU
	EndGlobalSection
	GlobalSection(SolutionProperties) = preSolution
		HideSolutionNode = FALSE
	EndGlobalSection
EndGlobal
